
Microsoft Visual Studio Solution File, Format Version 12.00
# Visual Studio Version 16
VisualStudioVersion = 16.0.29609.76
MinimumVisualStudioVersion = 10.0.40219.1
Project("{FAE04EC0-301F-11D3-BF4B-00C04F79EFBC}") = "RogueGame", "RogueGame.csproj", "{AB81EB80-9BFB-436C-956C-EDBAF1B43D73}"
EndProject
Global
	GlobalSection(SolutionConfigurationPlatforms) = preSolution
		Debug|Any CPU = Debug|Any CPU
		Release|Any CPU = Release|Any CPU
	EndGlobalSection
	GlobalSection(ProjectConfigurationPlatforms) = postSolution
		{AB81EB80-9BFB-436C-956C-EDBAF1B43D73}.Debug|Any CPU.ActiveCfg = Debug|Any CPU
		{AB81EB80-9BFB-436C-956C-EDBAF1B43D73}.Debug|Any CPU.Build.0 = Debug|Any CPU
		{AB81EB80-9BFB-436C-956C-EDBAF1B43D73}.Release|Any CPU.ActiveCfg = Release|Any CPU
		{AB81EB80-9BFB-436C-956C-EDBAF1B43D73}.Release|Any CPU.Build.0 = Release|Any CPU
	EndGlobalSection
	GlobalSection(SolutionProperties) = preSolution
		HideSolutionNode = FALSE
	EndGlobalSection
	GlobalSection(ExtensibilityGlobals) = postSolution
		SolutionGuid = {5451FB33-6C46-49CF-BC15-D64EDA0ACC21}
	EndGlobalSection
EndGlobal
